
Microsoft Visual Studio Solution File, Format Version 12.00
Project("{FAE04EC0-301F-11D3-BF4B-00C04F79EFBC}") = "FrameCustomRenderer", "FrameCustomRenderer\FrameCustomRenderer\FrameCustomRenderer.csproj", "{715DDB48-96FF-49AD-908F-2C2DF747F51C}"
EndProject
Project("{FAE04EC0-301F-11D3-BF4B-00C04F79EFBC}") = "FrameCustomRenderer.Android", "FrameCustomRenderer\FrameCustomRenderer.Android\FrameCustomRenderer.Android.csproj", "{30545EA4-B5B4-4D59-8718-FBEBD72E67EE}"
EndProject
Project("{FAE04EC0-301F-11D3-BF4B-00C04F79EFBC}") = "FrameCustomRenderer.iOS", "FrameCustomRenderer\FrameCustomRenderer.iOS\FrameCustomRenderer.iOS.csproj", "{5AEA1957-E595-45F9-BB07-E6F72FAFEA81}"
EndProject
Global
	GlobalSection(SolutionConfigurationPlatforms) = preSolution
		Ad-Hoc|iPhone = Ad-Hoc|iPhone
		AppStore|iPhone = AppStore|iPhone
		Debug|Any CPU = Debug|Any CPU
		Debug|iPhone = Debug|iPhone
		Debug|iPhoneSimulator = Debug|iPhoneSimulator
		Release|Any CPU = Release|Any CPU
		Release|iPhone = Release|iPhone
		Release|iPhoneSimulator = Release|iPhoneSimulator
	EndGlobalSection
	GlobalSection(ProjectConfigurationPlatforms) = postSolution
		{715DDB48-96FF-49AD-908F-2C2DF747F51C}.Ad-Hoc|iPhone.ActiveCfg = Debug|Any CPU
		{715DDB48-96FF-49AD-908F-2C2DF747F51C}.Ad-Hoc|iPhone.Build.0 = Debug|Any CPU
		{715DDB48-96FF-49AD-908F-2C2DF747F51C}.AppStore|iPhone.ActiveCfg = Debug|Any CPU
		{715DDB48-96FF-49AD-908F-2C2DF747F51C}.AppStore|iPhone.Build.0 = Debug|Any CPU
		{715DDB48-96FF-49AD-908F-2C2DF747F51C}.Debug|Any CPU.ActiveCfg = Debug|Any CPU
		{715DDB48-96FF-49AD-908F-2C2DF747F51C}.Debug|Any CPU.Build.0 = Debug|Any CPU
		{715DDB48-96FF-49AD-908F-2C2DF747F51C}.Debug|iPhone.ActiveCfg = Debug|Any CPU
		{715DDB48-96FF-49AD-908F-2C2DF747F51C}.Debug|iPhone.Build.0 = Debug|Any CPU
		{715DDB48-96FF-49AD-908F-2C2DF747F51C}.Debug|iPhoneSimulator.ActiveCfg = Debug|Any CPU
		{715DDB48-96FF-49AD-908F-2C2DF747F51C}.Debug|iPhoneSimulator.Build.0 = Debug|Any CPU
		{715DDB48-96FF-49AD-908F-2C2DF747F51C}.Release|Any CPU.ActiveCfg = Release|Any CPU
		{715DDB48-96FF-49AD-908F-2C2DF747F51C}.Release|Any CPU.Build.0 = Release|Any CPU
		{715DDB48-96FF-49AD-908F-2C2DF747F51C}.Release|iPhone.ActiveCfg = Release|Any CPU
		{715DDB48-96FF-49AD-908F-2C2DF747F51C}.Release|iPhone.Build.0 = Release|Any CPU
		{715DDB48-96FF-49AD-908F-2C2DF747F51C}.Release|iPhoneSimulator.ActiveCfg = Release|Any CPU
		{715DDB48-96FF-49AD-908F-2C2DF747F51C}.Release|iPhoneSimulator.Build.0 = Release|Any CPU
		{30545EA4-B5B4-4D59-8718-FBEBD72E67EE}.Ad-Hoc|iPhone.ActiveCfg = Debug|Any CPU
		{30545EA4-B5B4-4D59-8718-FBEBD72E67EE}.Ad-Hoc|iPhone.Build.0 = Debug|Any CPU
		{30545EA4-B5B4-4D59-8718-FBEBD72E67EE}.Ad-Hoc|iPhone.Deploy.0 = Debug|Any CPU
		{30545EA4-B5B4-4D59-8718-FBEBD72E67EE}.AppStore|iPhone.ActiveCfg = Debug|Any CPU
		{30545EA4-B5B4-4D59-8718-FBEBD72E67EE}.AppStore|iPhone.Build.0 = Debug|Any CPU
		{30545EA4-B5B4-4D59-8718-FBEBD72E67EE}.AppStore|iPhone.Deploy.0 = Debug|Any CPU
		{30545EA4-B5B4-4D59-8718-FBEBD72E67EE}.Debug|Any CPU.ActiveCfg = Debug|Any CPU
		{30545EA4-B5B4-4D59-8718-FBEBD72E67EE}.Debug|Any CPU.Build.0 = Debug|Any CPU
		{30545EA4-B5B4-4D59-8718-FBEBD72E67EE}.Debug|Any CPU.Deploy.0 = Debug|Any CPU
		{30545EA4-B5B4-4D59-8718-FBEBD72E67EE}.Debug|iPhone.ActiveCfg = Debug|Any CPU
		{30545EA4-B5B4-4D59-8718-FBEBD72E67EE}.Debug|iPhone.Build.0 = Debug|Any CPU
		{30545EA4-B5B4-4D59-8718-FBEBD72E67EE}.Debug|iPhone.Deploy.0 = Debug|Any CPU
		{30545EA4-B5B4-4D59-8718-FBEBD72E67EE}.Debug|iPhoneSimulator.ActiveCfg = Debug|Any CPU
		{30545EA4-B5B4-4D59-8718-FBEBD72E67EE}.Debug|iPhoneSimulator.Build.0 = Debug|Any CPU
		{30545EA4-B5B4-4D59-8718-FBEBD72E67EE}.Debug|iPhoneSimulator.Deploy.0 = Debug|Any CPU
		{30545EA4-B5B4-4D59-8718-FBEBD72E67EE}.Release|Any CPU.ActiveCfg = Release|Any CPU
		{30545EA4-B5B4-4D59-8718-FBEBD72E67EE}.Release|Any CPU.Build.0 = Release|Any CPU
		{30545EA4-B5B4-4D59-8718-FBEBD72E67EE}.Release|Any CPU.Deploy.0 = Release|Any CPU
		{30545EA4-B5B4-4D59-8718-FBEBD72E67EE}.Release|iPhone.ActiveCfg = Release|Any CPU
		{30545EA4-B5B4-4D59-8718-FBEBD72E67EE}.Release|iPhone.Build.0 = Release|Any CPU
		{30545EA4-B5B4-4D59-8718-FBEBD72E67EE}.Release|iPhone.Deploy.0 = Release|Any CPU
		{30545EA4-B5B4-4D59-8718-FBEBD72E67EE}.Release|iPhoneSimulator.ActiveCfg = Release|Any CPU
		{30545EA4-B5B4-4D59-8718-FBEBD72E67EE}.Release|iPhoneSimulator.Build.0 = Release|Any CPU
		{30545EA4-B5B4-4D59-8718-FBEBD72E67EE}.Release|iPhoneSimulator.Deploy.0 = Release|Any CPU
		{5AEA1957-E595-45F9-BB07-E6F72FAFEA81}.Ad-Hoc|iPhone.ActiveCfg = Ad-Hoc|iPhone
		{5AEA1957-E595-45F9-BB07-E6F72FAFEA81}.Ad-Hoc|iPhone.Build.0 = Ad-Hoc|iPhone
		{5AEA1957-E595-45F9-BB07-E6F72FAFEA81}.Ad-Hoc|iPhone.Deploy.0 = Ad-Hoc|iPhone
		{5AEA1957-E595-45F9-BB07-E6F72FAFEA81}.AppStore|iPhone.ActiveCfg = AppStore|iPhone
		{5AEA1957-E595-45F9-BB07-E6F72FAFEA81}.AppStore|iPhone.Build.0 = AppStore|iPhone
		{5AEA1957-E595-45F9-BB07-E6F72FAFEA81}.AppStore|iPhone.Deploy.0 = AppStore|iPhone
		{5AEA1957-E595-45F9-BB07-E6F72FAFEA81}.Debug|Any CPU.ActiveCfg = Debug|iPhoneSimulator
		{5AEA1957-E595-45F9-BB07-E6F72FAFEA81}.Debug|Any CPU.Build.0 = Debug|iPhoneSimulator
		{5AEA1957-E595-45F9-BB07-E6F72FAFEA81}.Debug|Any CPU.Deploy.0 = Debug|iPhoneSimulator
		{5AEA1957-E595-45F9-BB07-E6F72FAFEA81}.Debug|iPhone.ActiveCfg = Debug|iPhone
		{5AEA1957-E595-45F9-BB07-E6F72FAFEA81}.Debug|iPhone.Build.0 = Debug|iPhone
		{5AEA1957-E595-45F9-BB07-E6F72FAFEA81}.Debug|iPhone.Deploy.0 = Debug|iPhone
		{5AEA1957-E595-45F9-BB07-E6F72FAFEA81}.Debug|iPhoneSimulator.ActiveCfg = Debug|iPhoneSimulator
		{5AEA1957-E595-45F9-BB07-E6F72FAFEA81}.Debug|iPhoneSimulator.Build.0 = Debug|iPhoneSimulator
		{5AEA1957-E595-45F9-BB07-E6F72FAFEA81}.Debug|iPhoneSimulator.Deploy.0 = Debug|iPhoneSimulator
		{5AEA1957-E595-45F9-BB07-E6F72FAFEA81}.Release|Any CPU.ActiveCfg = Release|iPhoneSimulator
		{5AEA1957-E595-45F9-BB07-E6F72FAFEA81}.Release|Any CPU.Build.0 = Release|iPhoneSimulator
		{5AEA1957-E595-45F9-BB07-E6F72FAFEA81}.Release|Any CPU.Deploy.0 = Release|iPhoneSimulator
		{5AEA1957-E595-45F9-BB07-E6F72FAFEA81}.Release|iPhone.ActiveCfg = Release|iPhone
		{5AEA1957-E595-45F9-BB07-E6F72FAFEA81}.Release|iPhone.Build.0 = Release|iPhone
		{5AEA1957-E595-45F9-BB07-E6F72FAFEA81}.Release|iPhone.Deploy.0 = Release|iPhone
		{5AEA1957-E595-45F9-BB07-E6F72FAFEA81}.Release|iPhoneSimulator.ActiveCfg = Release|iPhoneSimulator
		{5AEA1957-E595-45F9-BB07-E6F72FAFEA81}.Release|iPhoneSimulator.Build.0 = Release|iPhoneSimulator
		{5AEA1957-E595-45F9-BB07-E6F72FAFEA81}.Release|iPhoneSimulator.Deploy.0 = Release|iPhoneSimulator
	EndGlobalSection
EndGlobal
